
Microsoft Visual Studio Solution File, Format Version 12.00
# Visual Studio Version 17
VisualStudioVersion = 17.13.35806.99
MinimumVisualStudioVersion = 10.0.40219.1
Project("{FAE04EC0-301F-11D3-BF4B-00C04F79EFBC}") = "Mytra.Core", "Mytra.Core\Mytra.Core.csproj", "{F9360219-A8EF-4696-AE14-37551829CE2C}"
EndProject
Project("{FAE04EC0-301F-11D3-BF4B-00C04F79EFBC}") = "Mytra.DataAccess", "Mytra.DataAccess\Mytra.DataAccess.csproj", "{5AE26360-9E21-4950-9ABE-F45C75852D90}"
EndProject
Project("{FAE04EC0-301F-11D3-BF4B-00C04F79EFBC}") = "Mytra.Service", "Mytra.Service\Mytra.Service.csproj", "{27C43D39-9388-43E2-B187-215BA9BDCE20}"
EndProject
Project("{FAE04EC0-301F-11D3-BF4B-00C04F79EFBC}") = "Mytra.Common", "Mytra.Common\Mytra.Common.csproj", "{CC867681-905D-4251-BE60-487C65E828E8}"
EndProject
Project("{FAE04EC0-301F-11D3-BF4B-00C04F79EFBC}") = "Mytra.Presentation", "Mytra.Presentation\Mytra.Presentation.csproj", "{65BAB0B5-5AC3-49B4-B9FE-1A1F2073588E}"
EndProject
Project("{FAE04EC0-301F-11D3-BF4B-00C04F79EFBC}") = "Mytra.WebApi", "Mytra.WebApi\Mytra.WebApi.csproj", "{18BB30CE-8674-4DCE-9979-7AABBD29B26C}"
EndProject
Project("{FAE04EC0-301F-11D3-BF4B-00C04F79EFBC}") = "Mytra.UI", "Mytra.UI\Mytra.UI.csproj", "{1D4BF983-6509-4EB0-B555-D17C880F99A6}"
EndProject
Global
	GlobalSection(SolutionConfigurationPlatforms) = preSolution
		Debug|Any CPU = Debug|Any CPU
		Release|Any CPU = Release|Any CPU
	EndGlobalSection
	GlobalSection(ProjectConfigurationPlatforms) = postSolution
		{F9360219-A8EF-4696-AE14-37551829CE2C}.Debug|Any CPU.ActiveCfg = Debug|Any CPU
		{F9360219-A8EF-4696-AE14-37551829CE2C}.Debug|Any CPU.Build.0 = Debug|Any CPU
		{F9360219-A8EF-4696-AE14-37551829CE2C}.Release|Any CPU.ActiveCfg = Release|Any CPU
		{F9360219-A8EF-4696-AE14-37551829CE2C}.Release|Any CPU.Build.0 = Release|Any CPU
		{5AE26360-9E21-4950-9ABE-F45C75852D90}.Debug|Any CPU.ActiveCfg = Debug|Any CPU
		{5AE26360-9E21-4950-9ABE-F45C75852D90}.Debug|Any CPU.Build.0 = Debug|Any CPU
		{5AE26360-9E21-4950-9ABE-F45C75852D90}.Release|Any CPU.ActiveCfg = Release|Any CPU
		{5AE26360-9E21-4950-9ABE-F45C75852D90}.Release|Any CPU.Build.0 = Release|Any CPU
		{27C43D39-9388-43E2-B187-215BA9BDCE20}.Debug|Any CPU.ActiveCfg = Debug|Any CPU
		{27C43D39-9388-43E2-B187-215BA9BDCE20}.Debug|Any CPU.Build.0 = Debug|Any CPU
		{27C43D39-9388-43E2-B187-215BA9BDCE20}.Release|Any CPU.ActiveCfg = Release|Any CPU
		{27C43D39-9388-43E2-B187-215BA9BDCE20}.Release|Any CPU.Build.0 = Release|Any CPU
		{CC867681-905D-4251-BE60-487C65E828E8}.Debug|Any CPU.ActiveCfg = Debug|Any CPU
		{CC867681-905D-4251-BE60-487C65E828E8}.Debug|Any CPU.Build.0 = Debug|Any CPU
		{CC867681-905D-4251-BE60-487C65E828E8}.Release|Any CPU.ActiveCfg = Release|Any CPU
		{CC867681-905D-4251-BE60-487C65E828E8}.Release|Any CPU.Build.0 = Release|Any CPU
		{65BAB0B5-5AC3-49B4-B9FE-1A1F2073588E}.Debug|Any CPU.ActiveCfg = Debug|Any CPU
		{65BAB0B5-5AC3-49B4-B9FE-1A1F2073588E}.Debug|Any CPU.Build.0 = Debug|Any CPU
		{65BAB0B5-5AC3-49B4-B9FE-1A1F2073588E}.Release|Any CPU.ActiveCfg = Release|Any CPU
		{65BAB0B5-5AC3-49B4-B9FE-1A1F2073588E}.Release|Any CPU.Build.0 = Release|Any CPU
		{18BB30CE-8674-4DCE-9979-7AABBD29B26C}.Debug|Any CPU.ActiveCfg = Debug|Any CPU
		{18BB30CE-8674-4DCE-9979-7AABBD29B26C}.Debug|Any CPU.Build.0 = Debug|Any CPU
		{18BB30CE-8674-4DCE-9979-7AABBD29B26C}.Release|Any CPU.ActiveCfg = Release|Any CPU
		{18BB30CE-8674-4DCE-9979-7AABBD29B26C}.Release|Any CPU.Build.0 = Release|Any CPU
		{1D4BF983-6509-4EB0-B555-D17C880F99A6}.Debug|Any CPU.ActiveCfg = Debug|Any CPU
		{1D4BF983-6509-4EB0-B555-D17C880F99A6}.Debug|Any CPU.Build.0 = Debug|Any CPU
		{1D4BF983-6509-4EB0-B555-D17C880F99A6}.Release|Any CPU.ActiveCfg = Release|Any CPU
		{1D4BF983-6509-4EB0-B555-D17C880F99A6}.Release|Any CPU.Build.0 = Release|Any CPU
	EndGlobalSection
	GlobalSection(SolutionProperties) = preSolution
		HideSolutionNode = FALSE
	EndGlobalSection
	GlobalSection(ExtensibilityGlobals) = postSolution
		SolutionGuid = {72C50E02-6BCD-4BA0-98D2-C7578819CBCD}
	EndGlobalSection
EndGlobal
