
Microsoft Visual Studio Solution File, Format Version 12.00
# Visual Studio Version 17
VisualStudioVersion = 17.14.36518.9 d17.14
MinimumVisualStudioVersion = 10.0.40219.1
Project("{FAE04EC0-301F-11D3-BF4B-00C04F79EFBC}") = "Mytra.Core", "Mytra.Core\Mytra.Core.csproj", "{0BD6D038-A0D6-4DFE-8C91-DBC91DB41F3C}"
EndProject
Project("{FAE04EC0-301F-11D3-BF4B-00C04F79EFBC}") = "Mytra.DataAccess", "Mytra.DataAccess\Mytra.DataAccess.csproj", "{106EBE02-8EBE-4147-96E9-88D76C83B439}"
EndProject
Project("{FAE04EC0-301F-11D3-BF4B-00C04F79EFBC}") = "Mytra.Service", "Mytra.Service\Mytra.Service.csproj", "{4A36D0BA-F57B-453F-9714-7809BE188BA8}"
EndProject
Global
	GlobalSection(SolutionConfigurationPlatforms) = preSolution
		Debug|Any CPU = Debug|Any CPU
		Release|Any CPU = Release|Any CPU
	EndGlobalSection
	GlobalSection(ProjectConfigurationPlatforms) = postSolution
		{0BD6D038-A0D6-4DFE-8C91-DBC91DB41F3C}.Debug|Any CPU.ActiveCfg = Debug|Any CPU
		{0BD6D038-A0D6-4DFE-8C91-DBC91DB41F3C}.Debug|Any CPU.Build.0 = Debug|Any CPU
		{0BD6D038-A0D6-4DFE-8C91-DBC91DB41F3C}.Release|Any CPU.ActiveCfg = Release|Any CPU
		{0BD6D038-A0D6-4DFE-8C91-DBC91DB41F3C}.Release|Any CPU.Build.0 = Release|Any CPU
		{106EBE02-8EBE-4147-96E9-88D76C83B439}.Debug|Any CPU.ActiveCfg = Debug|Any CPU
		{106EBE02-8EBE-4147-96E9-88D76C83B439}.Debug|Any CPU.Build.0 = Debug|Any CPU
		{106EBE02-8EBE-4147-96E9-88D76C83B439}.Release|Any CPU.ActiveCfg = Release|Any CPU
		{106EBE02-8EBE-4147-96E9-88D76C83B439}.Release|Any CPU.Build.0 = Release|Any CPU
		{4A36D0BA-F57B-453F-9714-7809BE188BA8}.Debug|Any CPU.ActiveCfg = Debug|Any CPU
		{4A36D0BA-F57B-453F-9714-7809BE188BA8}.Debug|Any CPU.Build.0 = Debug|Any CPU
		{4A36D0BA-F57B-453F-9714-7809BE188BA8}.Release|Any CPU.ActiveCfg = Release|Any CPU
		{4A36D0BA-F57B-453F-9714-7809BE188BA8}.Release|Any CPU.Build.0 = Release|Any CPU
	EndGlobalSection
	GlobalSection(SolutionProperties) = preSolution
		HideSolutionNode = FALSE
	EndGlobalSection
	GlobalSection(ExtensibilityGlobals) = postSolution
		SolutionGuid = {7E6462EC-CC50-44E3-AAE2-88AC92AC5AC8}
	EndGlobalSection
EndGlobal
